version = 1
revision = 3
requires-python = "==3.12.*"

[[package]]
name = "ast-serialize"
version = "0.3.0"
source = { registry = "https://pypi.org/simple" }
sdist = { url = "https://files.pythonhosted.org/packages/a9/9d/912fefab0e30aee6a3af8a62bbea4a81b29afa4ba2c973d31170620a26de/ast_serialize-0.3.0.tar.gz", hash = "sha256:1bc3ca09a63a021376527c4e938deedd11d11d675ce850e6f9c7487f5889992b", size = 60689, upload-time = "2026-04-30T23:24:48.104Z" }
wheels = [
    { url = "https://files.pythonhosted.org/packages/bc/93/72abad83966ed6235647c9f956417dc1e17e997696388521910e3d1fa3f4/ast_serialize-0.3.0-cp39-abi3-macosx_10_12_x86_64.whl", hash = "sha256:2ec2fafa5e4313cc8feed96e436ebe19ac7bc6fa41fbc2827e826c48b9e4c3a9", size = 1190024, upload-time = "2026-04-30T23:24:22.486Z" },
    { url = "https://files.pythonhosted.org/packages/85/4f/eb88584b2f0234e581762011208ca203252bf6c98e59b4769daa571f3576/ast_serialize-0.3.0-cp39-abi3-macosx_11_0_arm64.whl", hash = "sha256:ef6d3c08b7b4cd29b48410338e134764a00e76d25841eb02c1084e868c888ecc", size = 1178633, upload-time = "2026-04-30T23:24:24.35Z" },
    { url = "https://files.pythonhosted.org/packages/56/51/cf1ec1ff3e616373d0dcbd5fad502e0029dc541f13ab642259762a7d127f/ast_serialize-0.3.0-cp39-abi3-manylinux_2_17_aarch64.manylinux2014_aarch64.whl", hash = "sha256:3d841424f41b886e98044abc80769c14a956e6e5ccd5fb5b0d9f5ead72be18a4", size = 1241351, upload-time = "2026-04-30T23:24:25.987Z" },
    { url = "https://files.pythonhosted.org/packages/0d/44/68fcf50478cf1093f2d423f034ae06453122c8b415d8e21a44668eca485d/ast_serialize-0.3.0-cp39-abi3-manylinux_2_17_armv7l.manylinux2014_armv7l.whl", hash = "sha256:d21453734ad39367ede5d37efe4f59f830ce1c09f432fc72a90e368f77a4a3e7", size = 1239582, upload-time = "2026-04-30T23:24:27.808Z" },
    { url = "https://files.pythonhosted.org/packages/9d/c1/a6c9fa284eceb5fc6f21347e968445a051d7ca2c4d34e6a04314646dbcee/ast_serialize-0.3.0-cp39-abi3-manylinux_2_17_ppc64le.manylinux2014_ppc64le.whl", hash = "sha256:f5e110cdce2a347e1dd987529c88ef54d26f67848dce3eba1b3b2cc2cf085c94", size = 1448853, upload-time = "2026-04-30T23:24:29.534Z" },
    { url = "https://files.pythonhosted.org/packages/23/5f/8ad3829a09e4e8c5328a53ce7d4711d660944e3e164c5f6abcc2c8f27167/ast_serialize-0.3.0-cp39-abi3-manylinux_2_17_s390x.manylinux2014_s390x.whl", hash = "sha256:3b6e23a98e57560a055f5c4b68700a0fd5ce483d2814c23140b3638c7f5d1e61", size = 1262204, upload-time = "2026-04-30T23:24:31.482Z" },
    { url = "https://files.pythonhosted.org/packages/25/13/44aa28d97f10e25247e8576b5f6b2795d4fa1a80acc88acc942c508d06f7/ast_serialize-0.3.0-cp39-abi3-manylinux_2_17_x86_64.manylinux2014_x86_64.whl", hash = "sha256:c1c9e763d70293d65ce1e1ea8c943140c68d0953f0268c7ee0998f2e07f77dd0", size = 1266458, upload-time = "2026-04-30T23:24:33.088Z" },
    { url = "https://files.pythonhosted.org/packages/d8/58/b3a8be3777cd3744324fd5cec0d80d37cd96fc7cbb0fb010e03dff1e870f/ast_serialize-0.3.0-cp39-abi3-manylinux_2_5_i686.manylinux1_i686.whl", hash = "sha256:4388a1796c228f1ce5c391426f7d21a0003ad3b47f677dbeded9bd1a85c7209f", size = 1308700, upload-time = "2026-04-30T23:24:34.657Z" },
    { url = "https://files.pythonhosted.org/packages/13/03/f8312d6b57f5471a9dc7946f22b8798a1fc296d38c25766223aacadec42c/ast_serialize-0.3.0-cp39-abi3-musllinux_1_2_aarch64.whl", hash = "sha256:5283cdcc0c64c3d8b9b688dc6aaa012d9c0cf1380a7f774a6bae6a1c01b3205a", size = 1416724, upload-time = "2026-04-30T23:24:36.562Z" },
    { url = "https://files.pythonhosted.org/packages/50/5d/13fc3789a7abac00559da2e2e9f386db4612aa1f84fc53d09bf714c37545/ast_serialize-0.3.0-cp39-abi3-musllinux_1_2_armv7l.whl", hash = "sha256:f5ef88cc5842a5d7a6ac09dc0d5fc2c98f5d276c1f076f866d55047ce886785b", size = 1515441, upload-time = "2026-04-30T23:24:38.018Z" },
    { url = "https://files.pythonhosted.org/packages/eb/b9/7ab43fc7a23b1f970281093228f5f79bed6edeed7a3e672bde6d7a832a58/ast_serialize-0.3.0-cp39-abi3-musllinux_1_2_i686.whl", hash = "sha256:cc14bf402bdc0978594ecce783793de2c7470cd4f5cd7eb286ca97ed8ff7cba9", size = 1510522, upload-time = "2026-04-30T23:24:39.798Z" },
    { url = "https://files.pythonhosted.org/packages/56/ec/d75fc2b788d319f1fad77c14156896f31afdfc68af85b505e5bdebcb9592/ast_serialize-0.3.0-cp39-abi3-musllinux_1_2_x86_64.whl", hash = "sha256:11eae0cf1b7b3e0678133cc2daa974ea972caf02eb4b3aa062af6fa9acd52c57", size = 1460917, upload-time = "2026-04-30T23:24:41.305Z" },
    { url = "https://files.pythonhosted.org/packages/95/74/f99c81193a2725911e1911ae567ed27c2f2419332c7f3537366f9d238cac/ast_serialize-0.3.0-cp39-abi3-win32.whl", hash = "sha256:2db3dd99de5e6a5a11d7dda73de8750eb6e5baaf25245adf7bdcfe64b6108ae2", size = 1067804, upload-time = "2026-04-30T23:24:43.091Z" },
    { url = "https://files.pythonhosted.org/packages/16/81/76af00c47daa151e89f98ae21fbbcb2840aaa9f5766579c4da76a3c57188/ast_serialize-0.3.0-cp39-abi3-win_amd64.whl", hash = "sha256:a2cd125adccf7969470621905d302750cd25951f22ea430d9a25b7be031e5549", size = 1105561, upload-time = "2026-04-30T23:24:44.578Z" },
    { url = "https://files.pythonhosted.org/packages/bd/46/d3ec57ad500f598d1554bd14ce4df615960549ab2844961bc4e1f5fbd174/ast_serialize-0.3.0-cp39-abi3-win_arm64.whl", hash = "sha256:0dd00da29985f15f50dc35728b7e1e7c84507bccfea1d9914738530f1c72238a", size = 1077165, upload-time = "2026-04-30T23:24:46.377Z" },
]

[[package]]
name = "click"
version = "8.2.1"
source = { registry = "https://pypi.org/simple" }
dependencies = [
    { name = "colorama", marker = "sys_platform == 'win32'" },
]
sdist = { url = "https://files.pythonhosted.org/packages/60/6c/8ca2efa64cf75a977a0d7fac081354553ebe483345c734fb6b6515d96bbc/click-8.2.1.tar.gz", hash = "sha256:27c491cc05d968d271d5a1db13e3b5a184636d9d930f148c50b038f0d0646202", size = 286342, upload-time = "2025-05-20T23:19:49.832Z" }
wheels = [
    { url = "https://files.pythonhosted.org/packages/85/32/10bb5764d90a8eee674e9dc6f4db6a0ab47c8c4d0d83c27f7c39ac415a4d/click-8.2.1-py3-none-any.whl", hash = "sha256:61a3265b914e850b85317d0b3109c7f8cd35a670f963866005d6ef1d5175a12b", size = 102215, upload-time = "2025-05-20T23:19:47.796Z" },
]

[[package]]
name = "colorama"
version = "0.4.6"
source = { registry = "https://pypi.org/simple" }
sdist = { url = "https://files.pythonhosted.org/packages/d8/53/6f443c9a4a8358a93a6792e2acffb9d9d5cb0a5cfd8802644b7b1c9a02e4/colorama-0.4.6.tar.gz", hash = "sha256:08695f5cb7ed6e0531a20572697297273c47b8cae5a63ffc6d6ed5c201be6e44", size = 27697, upload-time = "2022-10-25T02:36:22.414Z" }
wheels = [
    { url = "https://files.pythonhosted.org/packages/d1/d6/3965ed04c63042e047cb6a3e6ed1a63a35087b6a609aa3a15ed8ac56c221/colorama-0.4.6-py2.py3-none-any.whl", hash = "sha256:4f1d9991f5acc0ca119f9d443620b77f9d6b33703e51011c16baf57afb285fc6", size = 25335, upload-time = "2022-10-25T02:36:20.889Z" },
]

[[package]]
name = "gitdb"
version = "4.0.12"
source = { registry = "https://pypi.org/simple" }
dependencies = [
    { name = "smmap" },
]
sdist = { url = "https://files.pythonhosted.org/packages/72/94/63b0fc47eb32792c7ba1fe1b694daec9a63620db1e313033d18140c2320a/gitdb-4.0.12.tar.gz", hash = "sha256:5ef71f855d191a3326fcfbc0d5da835f26b13fbcba60c32c21091c349ffdb571", size = 394684, upload-time = "2025-01-02T07:20:46.413Z" }
wheels = [
    { url = "https://files.pythonhosted.org/packages/a0/61/5c78b91c3143ed5c14207f463aecfc8f9dbb5092fb2869baf37c273b2705/gitdb-4.0.12-py3-none-any.whl", hash = "sha256:67073e15955400952c6565cc3e707c554a4eea2e428946f7a4c162fab9bd9bcf", size = 62794, upload-time = "2025-01-02T07:20:43.624Z" },
]

[[package]]
name = "gitpython"
version = "3.1.50"
source = { registry = "https://pypi.org/simple" }
dependencies = [
    { name = "gitdb" },
]
sdist = { url = "https://files.pythonhosted.org/packages/33/f6/354ae6491228b5eb40e10d89c4d13c651fe1cf7556e35ebdded50cff57ce/gitpython-3.1.50.tar.gz", hash = "sha256:80da2d12504d52e1f998772dc5baf6e553f8d2fcfe1fcc226c9d9a2ee3372dcc", size = 219798, upload-time = "2026-05-06T04:01:26.571Z" }
wheels = [
    { url = "https://files.pythonhosted.org/packages/20/7a/1c6e3562dfd8950adbb11ffbc65d21e7c89d01a6e4f137fa981056de25c5/gitpython-3.1.50-py3-none-any.whl", hash = "sha256:d352abe2908d07355014abdd21ddf798c2a961469239afec4962e9da884858f9", size = 212507, upload-time = "2026-05-06T04:01:23.799Z" },
]

[[package]]
name = "librt"
version = "0.10.0"
source = { registry = "https://pypi.org/simple" }
sdist = { url = "https://files.pythonhosted.org/packages/39/cb/c1945e506893b5b8577fb45a60c80e3ffe4a82092a04a6f29b0b951d9a24/librt-0.10.0.tar.gz", hash = "sha256:1aba1e8aa4e3307a7be68a74149545fde7451964dc0235a8bec5704a17bdda42", size = 191799, upload-time = "2026-05-05T16:31:23.535Z" }
wheels = [
    { url = "https://files.pythonhosted.org/packages/12/8e/cbb5b6f6e45e65c10a42449a69eaccc44d73e6a081ea752fbc5221c6dc1c/librt-0.10.0-cp312-cp312-macosx_10_13_x86_64.whl", hash = "sha256:b4b58a44b407e91f633dafee008de9ddea6aa2a555ed94929c099260910bd0ba", size = 77327, upload-time = "2026-05-05T16:29:38.919Z" },
    { url = "https://files.pythonhosted.org/packages/e9/3d/8233cbee8e99e6a8992f02bfc2dec8d787509566a511d1fde2574ee7473f/librt-0.10.0-cp312-cp312-macosx_11_0_arm64.whl", hash = "sha256:950b79b11762531bdf45a9df909d2f9a2a8445c70c88665c01d14c8511a27dc5", size = 79971, upload-time = "2026-05-05T16:29:40.96Z" },
    { url = "https://files.pythonhosted.org/packages/87/6f/5264b298cef2b72fc97d2dde56c66181eda35204bf5dcd1ed0c3d0a0a782/librt-0.10.0-cp312-cp312-manylinux2014_aarch64.manylinux_2_17_aarch64.manylinux_2_28_aarch64.whl", hash = "sha256:4538453f51be197633b425912c150e25b0667252d3741c53e8368176d98d9d37", size = 246559, upload-time = "2026-05-05T16:29:42.701Z" },
    { url = "https://files.pythonhosted.org/packages/07/7b/19b1b859cc60d5f99276cc2b3144d91556c6d1b1e4ebb50359696bebf7a8/librt-0.10.0-cp312-cp312-manylinux2014_i686.manylinux_2_17_i686.manylinux_2_28_i686.whl", hash = "sha256:70b955f091beac93e994a0b7ec616934f63b3ea5c3d6d7af847562f935aceca7", size = 235216, upload-time = "2026-05-05T16:29:44.193Z" },
    { url = "https://files.pythonhosted.org/packages/6e/56/a2f40717142a8af46289f57874ef914353d8faccd5e4f8e594ab1e16e8c7/librt-0.10.0-cp312-cp312-manylinux2014_x86_64.manylinux_2_17_x86_64.manylinux_2_28_x86_64.whl", hash = "sha256:483e685e06b6163728ba6c85d74315176be7190f432ec2a41226e5e14355d5f0", size = 263108, upload-time = "2026-05-05T16:29:46.365Z" },
    { url = "https://files.pythonhosted.org/packages/67/ca/15c625c3bdc0167c01e04ef8878317e9713f3bfa788438342f7a94c7b22c/librt-0.10.0-cp312-cp312-manylinux_2_31_riscv64.manylinux_2_39_riscv64.whl", hash = "sha256:7ac53d946a009d1a38c44a60812708c9458fb2a239a5f630d8e625571386650f", size = 255280, upload-time = "2026-05-05T16:29:48.087Z" },
    { url = "https://files.pythonhosted.org/packages/ed/c5/ba301d571d9e05844e2435b73aba30bee77bb75ce155c9affcfd2173dd03/librt-0.10.0-cp312-cp312-musllinux_1_2_aarch64.whl", hash = "sha256:bc8771c9fcf0ea894ca41fdc2abd83572c2fbda221f232d86e718614e57ff513", size = 268829, upload-time = "2026-05-05T16:29:49.628Z" },
    { url = "https://files.pythonhosted.org/packages/8b/60/af70e135bc1f1fe15dd3894b1e4bbefc7ecdf911749a925a39eb86ceb2a1/librt-0.10.0-cp312-cp312-musllinux_1_2_i686.whl", hash = "sha256:70805dbc5257892ac572f86290a61e3c8d90224ecce1a8b2d1f7ed51965417f4", size = 262051, upload-time = "2026-05-05T16:29:51.244Z" },
    { url = "https://files.pythonhosted.org/packages/83/c2/c8236eb8b421bac5a172ba208f965abaa89805da2a3fa112bdf1764caf8f/librt-0.10.0-cp312-cp312-musllinux_1_2_riscv64.whl", hash = "sha256:d3b4f300f7bcba6e2ff73fb8bef1898479e9772bfa2682998c636391633ec826", size = 264347, upload-time = "2026-05-05T16:29:53.013Z" },
    { url = "https://files.pythonhosted.org/packages/d6/f5/15b6d32bc25dacd4a60886a683d8128d6219910c122202b995a40dd4f8d2/librt-0.10.0-cp312-cp312-musllinux_1_2_x86_64.whl", hash = "sha256:943bc943f92f4fb3408fae62485c6a3ad68ce4f2ee205643a39641525c19a276", size = 286482, upload-time = "2026-05-05T16:29:54.675Z" },
    { url = "https://files.pythonhosted.org/packages/fb/8e/b1b959bacd323eb4360579db992513e1406d1c6ef7edb57b5511fd0666fd/librt-0.10.0-cp312-cp312-win32.whl", hash = "sha256:6065c1a758fba1010b41401013903d3d5d2750eab425ddedd584abac31d0630e", size = 62955, upload-time = "2026-05-05T16:29:56.39Z" },
    { url = "https://files.pythonhosted.org/packages/9e/4c/d4cd6e4b9fc24098e63cc85537d1b6689682aee96809c38f08072067cc2b/librt-0.10.0-cp312-cp312-win_amd64.whl", hash = "sha256:d788ecbe208ab352dab0e105cc06057bf9a2fc7e58cabb0d751ad9e30062b9e2", size = 71191, upload-time = "2026-05-05T16:29:57.682Z" },
    { url = "https://files.pythonhosted.org/packages/2b/19/8641da1f63d24b92354a492f893c022d6b3a0df44e70c8eff49364613983/librt-0.10.0-cp312-cp312-win_arm64.whl", hash = "sha256:6003d1f295bdba02656dc81308208fc060d0a51d8c0d0a6db70f7f3c57b9ba0a", size = 61432, upload-time = "2026-05-05T16:29:58.971Z" },
]

[[package]]
name = "mypy"
version = "2.0.0"
source = { registry = "https://pypi.org/simple" }
dependencies = [
    { name = "ast-serialize" },
    { name = "librt", marker = "platform_python_implementation != 'PyPy'" },
    { name = "mypy-extensions" },
    { name = "pathspec" },
    { name = "typing-extensions" },
]
sdist = { url = "https://files.pythonhosted.org/packages/cf/dc/7e6d49f04fca40b9dd5c752a51a432ffe67fb45200702bc9eee0cb4bbb26/mypy-2.0.0.tar.gz", hash = "sha256:1a9e3900ac5c40f1fe813506c7739da6e6f0eab2729067ebd94bfb0bbba53532", size = 3869036, upload-time = "2026-05-06T19:26:43.22Z" }
wheels = [
    { url = "https://files.pythonhosted.org/packages/f6/4b/f6cd12ef1eb63be1c342da3e8ca811d2280276177f6de4ef20cb2366d79b/mypy-2.0.0-cp312-cp312-macosx_10_13_x86_64.whl", hash = "sha256:660790551c988e69d8bf7a35c8b4149edeb22f4a339165702be843532e9dcdb5", size = 14756610, upload-time = "2026-05-06T19:26:19.221Z" },
    { url = "https://files.pythonhosted.org/packages/32/73/67d09ca28bee21feaca264b2a680cf2d300bcc2071136ad064928324c843/mypy-2.0.0-cp312-cp312-macosx_11_0_arm64.whl", hash = "sha256:7a15bf92cd8781f8e72f69ffa7e30d1f434402d065ee1ecd5223ef2ef100f914", size = 13554270, upload-time = "2026-05-06T19:26:08.977Z" },
    { url = "https://files.pythonhosted.org/packages/61/b3/44718b5c6b1b5a27440ff2effe6a1be0fa2a190c0f4e2e21a83728416f95/mypy-2.0.0-cp312-cp312-manylinux2014_aarch64.manylinux_2_17_aarch64.manylinux_2_28_aarch64.whl", hash = "sha256:4ff370b43d7def05bbcd2f5267f0bcda72dd6a552ef2ea9375b02d6fe06da270", size = 13924663, upload-time = "2026-05-06T19:21:24.932Z" },
    { url = "https://files.pythonhosted.org/packages/6a/2b/bbb9cc5773f946846a7c340097e59bcf84095437dda0d56bb4f6cf1f6541/mypy-2.0.0-cp312-cp312-manylinux2014_x86_64.manylinux_2_17_x86_64.manylinux_2_28_x86_64.whl", hash = "sha256:37bd246590a018e5a11703b7b09c39d47ede3df5ba3fa863c5b8590b465beb01", size = 14946862, upload-time = "2026-05-06T19:24:23.023Z" },
    { url = "https://files.pythonhosted.org/packages/43/25/e9318566f443a5130b4ff0ad3367ee6c4c4c49ff083fe5214a7318c18282/mypy-2.0.0-cp312-cp312-musllinux_1_2_x86_64.whl", hash = "sha256:cce87e92214fac8bf8feb8a680d0c1b6fb748d50e9b57fbb13e4b1d83a3ed19b", size = 15175090, upload-time = "2026-05-06T19:26:28.794Z" },
    { url = "https://files.pythonhosted.org/packages/67/65/2ec28c834f21e164c33bc296a7db538ad50c74f83e517c7a0be95ff6de86/mypy-2.0.0-cp312-cp312-win_amd64.whl", hash = "sha256:e19e9cb69b66a4141009d24898259914fa2b71d026de0b46edf9fafdbf4fd46e", size = 11052899, upload-time = "2026-05-06T19:25:39.084Z" },
    { url = "https://files.pythonhosted.org/packages/9e/72/d1ec625cfc9bd101c07a6834ef1f94e820296f8fdbad2eb03f50e0983f8c/mypy-2.0.0-cp312-cp312-win_arm64.whl", hash = "sha256:b021614cb08d44785b025982163ec3c39c94bff766ead071fa9e82b4ef6f62cd", size = 9972935, upload-time = "2026-05-06T19:23:24.204Z" },
    { url = "https://files.pythonhosted.org/packages/5c/14/fd0694aa594d6e9f9fd16ce821be2eff295197a273262ef56ddcc1388d68/mypy-2.0.0-py3-none-any.whl", hash = "sha256:8a92b2be3146b4fa1f062af7eb05574cbf3e6eb8e1f14704af1075423144e4e5", size = 2673434, upload-time = "2026-05-06T19:26:32.856Z" },
]

[[package]]
name = "mypy-extensions"
version = "1.1.0"
source = { registry = "https://pypi.org/simple" }
sdist = { url = "https://files.pythonhosted.org/packages/a2/6e/371856a3fb9d31ca8dac321cda606860fa4548858c0cc45d9d1d4ca2628b/mypy_extensions-1.1.0.tar.gz", hash = "sha256:52e68efc3284861e772bbcd66823fde5ae21fd2fdb51c62a211403730b916558", size = 6343, upload-time = "2025-04-22T14:54:24.164Z" }
wheels = [
    { url = "https://files.pythonhosted.org/packages/79/7b/2c79738432f5c924bef5071f933bcc9efd0473bac3b4aa584a6f7c1c8df8/mypy_extensions-1.1.0-py3-none-any.whl", hash = "sha256:1be4cccdb0f2482337c4743e60421de3a356cd97508abadd57d47403e94f5505", size = 4963, upload-time = "2025-04-22T14:54:22.983Z" },
]

[[package]]
name = "pathspec"
version = "1.1.1"
source = { registry = "https://pypi.org/simple" }
sdist = { url = "https://files.pythonhosted.org/packages/5a/82/42f767fc1c1143d6fd36efb827202a2d997a375e160a71eb2888a925aac1/pathspec-1.1.1.tar.gz", hash = "sha256:17db5ecd524104a120e173814c90367a96a98d07c45b2e10c2f3919fff91bf5a", size = 135180, upload-time = "2026-04-27T01:46:08.907Z" }
wheels = [
    { url = "https://files.pythonhosted.org/packages/f1/d9/7fb5aa316bc299258e68c73ba3bddbc499654a07f151cba08f6153988714/pathspec-1.1.1-py3-none-any.whl", hash = "sha256:a00ce642f577bf7f473932318056212bc4f8bfdf53128c78bbd5af0b9b20b189", size = 57328, upload-time = "2026-04-27T01:46:07.06Z" },
]

[[package]]
name = "ruff"
version = "0.16.6"
source = { registry = "https://pypi.org/simple" }
sdist = { url = "https://files.pythonhosted.org/packages/a4/7c/6adb35d70e7c027e308274557901c7e00fb3407750faf3620c184ae058cb/ruff-0.16.6.tar.gz", hash = "sha256:dcf8a73d2ff77e99dde91244b4da16feba7f14e6beeb4015dee7c5a909e99050", size = 4921251, upload-time = "2026-09-03T16:57:29.037Z" }
wheels = [
    { url = "https://files.pythonhosted.org/packages/a4/28/9cc1b79639e284ec103f43c88c644db4eb58cbd0ea1ca11f1193435369ac/ruff-0.16.6-py3-none-linux_armv6l.whl", hash = "sha256:61c368c26bf8e973e5ab14a2772de587bc068ea3f9a277f673380749b4898fb8", size = 10015638, upload-time = "2026-09-03T16:56:40.986Z" },
    { url = "https://files.pythonhosted.org/packages/71/11/627d342ef727ea7794edf74fe23d60a074b02c3acc2e9436684e782286ca/ruff-0.16.6-py3-none-macosx_10_12_x86_64.whl", hash = "sha256:ecf4f068e2e123e43a26e9db4e19524cc56563912404e83bbfca375757e45a32", size = 10220762, upload-time = "2026-09-03T16:56:44.681Z" },
    { url = "https://files.pythonhosted.org/packages/43/d9/b75668ce41e4c8d073d18d6d08672ba6906ce45d5c06ea4fdb2e84ce3853/ruff-0.16.6-py3-none-macosx_11_0_arm64.whl", hash = "sha256:99b62ea33baf130f50368798d841f0d95527b6d817bf31817b65dd058f1d314c", size = 9835082, upload-time = "2026-09-03T16:56:47.142Z" },
    { url = "https://files.pythonhosted.org/packages/99/97/123ab10b05cde889c107c20f5a9774955104b5552796a2a8584b089ae8eb/ruff-0.16.6-py3-none-manylinux_2_17_aarch64.manylinux2014_aarch64.whl", hash = "sha256:7fbf89013f2bb3f6835a6038ff658dc8a1b38c98dc8e724b964168ad4e881876", size = 9949304, upload-time = "2026-09-03T16:56:49.813Z" },
    { url = "https://files.pythonhosted.org/packages/3e/58/a4a2c59dd2e5b85929c912d9cac3056eb9ee8c7e75e9b9fe3e109174966b/ruff-0.16.6-py3-none-manylinux_2_17_armv7l.manylinux2014_armv7l.whl", hash = "sha256:56a67065e22efa6bc4d498299d3bb06c0c90aace8fac2068b5a12f9dc4d8d51d", size = 9840612, upload-time = "2026-09-03T16:56:52.368Z" },
    { url = "https://files.pythonhosted.org/packages/61/6a/ff8c8626a786c4f49d48ced4a752dadbca65f5263005f9c2416578194694/ruff-0.16.6-py3-none-manylinux_2_17_i686.manylinux2014_i686.whl", hash = "sha256:e25cc89174874b176a157e4428d66761c2c0c006654419bf384f967f361ff1b1", size = 10543465, upload-time = "2026-09-03T16:56:55.089Z" },
    { url = "https://files.pythonhosted.org/packages/ad/bb/c47535923365f337b82e28192e4e9eef2176511007cfd99a62fc22df5dad/ruff-0.16.6-py3-none-manylinux_2_17_ppc64le.manylinux2014_ppc64le.whl", hash = "sha256:0700580ed5303723cb3c11c2f1d2a8913ce77b7ea86646dddb887f5417a9ba70", size = 11267576, upload-time = "2026-09-03T16:56:57.791Z" },
    { url = "https://files.pythonhosted.org/packages/ba/50/e5119a5212b5cd63b51e1f4b25e7bd636a6668fc069a3160b108ad7e3c16/ruff-0.16.6-py3-none-manylinux_2_17_s390x.manylinux2014_s390x.whl", hash = "sha256:15f1d0b6e165a6e56567befb6629f8209271311d990bae0f37e6d065035ef5f3", size = 10781993, upload-time = "2026-09-03T16:57:00.666Z" },
    { url = "https://files.pythonhosted.org/packages/8b/98/083d8b4ef3c51a0d19db84367791cbe9f44e4b53343d19dfa83556e1cd9a/ruff-0.16.6-py3-none-manylinux_2_17_x86_64.manylinux2014_x86_64.whl", hash = "sha256:d72c591a96986ee4268860e2b7235082129ca5e4cb9cbba653a4b57c11893757", size = 10317748, upload-time = "2026-09-03T16:57:03.428Z" },
    { url = "https://files.pythonhosted.org/packages/9a/29/68f7ff2c5ad95f19f00627ac2de95644e25fe47371ea60b2db1fd952315e/ruff-0.16.6-py3-none-manylinux_2_31_riscv64.whl", hash = "sha256:65a006baa18f33324325814c864daef03541d51564b98c517610ea756ab7003e", size = 10540096, upload-time = "2026-09-03T16:57:06.182Z" },
    { url = "https://files.pythonhosted.org/packages/c4/f9/79a8f6de85968641d68a7863aeec577551924ef066a990a48ff93167beab/ruff-0.16.6-py3-none-musllinux_1_2_aarch64.whl", hash = "sha256:cd02a7bf1a21a8735228a3e8c95a9dc5cf86bd2a52194f4aaae2a5755b4de0f4", size = 10100494, upload-time = "2026-09-03T16:57:09.194Z" },
    { url = "https://files.pythonhosted.org/packages/d9/e8/b81a22d9b90c00b892ccf2fa2ac36fa95de4c13ab85aea3e73795cfe4651/ruff-0.16.6-py3-none-musllinux_1_2_armv7l.whl", hash = "sha256:31b36f1e5ad85e0737f09d2be4e512e2e283583c14015da3b9dc07359ac0fc88", size = 9843663, upload-time = "2026-09-03T16:57:12.168Z" },
    { url = "https://files.pythonhosted.org/packages/39/aa/54f516ec5e5a11c4afdceb1c454ebb054ffb96e4f4a1705580b4346abd35/ruff-0.16.6-py3-none-musllinux_1_2_i686.whl", hash = "sha256:61029b4ab4aa723fd3064fab96b1d814492596bf0c792679fffcbde1e1679953", size = 10282461, upload-time = "2026-09-03T16:57:15.077Z" },
    { url = "https://files.pythonhosted.org/packages/52/0b/38d0aa8aa32372b96dc44f97b22e576c4147808271aab7b2cb1e353d4445/ruff-0.16.6-py3-none-musllinux_1_2_x86_64.whl", hash = "sha256:9ac8998457832c2061709d900856b7ad271dace0cb41f346588d540162bfa718", size = 10728808, upload-time = "2026-09-03T16:57:17.797Z" },
    { url = "https://files.pythonhosted.org/packages/5e/e5/9e274e24eeb027640ffc7442f21239f16d17f47acec15ae34f32e03a5c79/ruff-0.16.6-py3-none-win32.whl", hash = "sha256:0b87d9d16fcb63e8018423ca1d50b7260f15cb2da33e30db4baad4183a948c25", size = 10049212, upload-time = "2026-09-03T16:57:20.55Z" },
    { url = "https://files.pythonhosted.org/packages/22/31/72472449414223ed1a2da236b992adbb1a2ae59e34794574810f60ce068e/ruff-0.16.6-py3-none-win_amd64.whl", hash = "sha256:10d21c51c3495d8eaea7b703a16592117ea6eb1d649e36335aa965ff1173eb39", size = 10556402, upload-time = "2026-09-03T16:57:23.501Z" },
    { url = "https://files.pythonhosted.org/packages/fc/07/d781f8f8e1ac24bef9f3269cf62ffb1407ca24c3a8f12e5e22874f90528c/ruff-0.16.6-py3-none-win_arm64.whl", hash = "sha256:7a976c79b958f94e50a022a19f0f8c87387448020935ec14fc74331bd0a7f2c5", size = 10412850, upload-time = "2026-09-03T16:57:26.416Z" },
]

[[package]]
name = "smmap"
version = "5.0.2"
source = { registry = "https://pypi.org/simple" }
sdist = { url = "https://files.pythonhosted.org/packages/44/cd/a040c4b3119bbe532e5b0732286f805445375489fceaec1f48306068ee3b/smmap-5.0.2.tar.gz", hash = "sha256:26ea65a03958fa0c8a1c7e8c7a58fdc77221b8910f6be2131affade476898ad5", size = 22329, upload-time = "2025-01-02T07:14:40.909Z" }
wheels = [
    { url = "https://files.pythonhosted.org/packages/04/be/d09147ad1ec7934636ad912901c5fd7667e1c858e19d355237db0d0cd5e4/smmap-5.0.2-py3-none-any.whl", hash = "sha256:b30115f0def7d7531d22a0fb6502488d879e75b260a9db4d0819cfb25403af5e", size = 24303, upload-time = "2025-01-02T07:14:38.724Z" },
]

[[package]]
name = "typing-extensions"
version = "4.14.1"
source = { registry = "https://pypi.org/simple" }
sdist = { url = "https://files.pythonhosted.org/packages/98/5a/da40306b885cc8c09109dc2e1abd358d5684b1425678151cdaed4731c822/typing_extensions-4.14.1.tar.gz", hash = "sha256:38b39f4aeeab64884ce9f74c94263ef78f3c22467c8724005483154c26648d36", size = 107673, upload-time = "2025-07-04T13:28:34.16Z" }
wheels = [
    { url = "https://files.pythonhosted.org/packages/b5/00/d631e67a838026495268c2f6884f3711a15a9a2a96cd244fdaea53b823fb/typing_extensions-4.14.1-py3-none-any.whl", hash = "sha256:d1e1e3b58374dc93031d6eda2420a48ea44a36c2b4766a4fdeb3710755731d76", size = 43906, upload-time = "2025-07-04T13:28:32.743Z" },
]

[[package]]
name = "update-release-branch"
version = "0"
source = { virtual = "." }
dependencies = [
    { name = "click" },
    { name = "gitpython" },
]

[package.dev-dependencies]
dev = [
    { name = "mypy" },
    { name = "ruff" },
]

[package.metadata]
requires-dist = [
    { name = "click", specifier = ">=8.1.8" },
    { name = "gitpython", specifier = ">=3.1.44" },
]

[package.metadata.requires-dev]
dev = [
    { name = "mypy", specifier = "==2.0.0" },
    { name = "ruff", specifier = "==0.16.6" },
]
