version = 1
revision = 3
requires-python = "==3.12.*"

[[package]]
name = "ast-serialize"
version = "0.11.2"
source = { registry = "https://pypi.org/simple" }
sdist = { url = "https://files.pythonhosted.org/packages/54/1e/4f6082cdd6e5a29093513e9a3eabc5ed1c5331a9a84386b2fece80a00a48/ast_serialize-0.11.2.tar.gz", hash = "sha256:976a5bd75845d22f4b52905ddf53ab669ef1b14dba7735f5512841a2ef2b5450", size = 954387, upload-time = "2026-09-13T18:48:55.673Z" }
wheels = [
    { url = "https://files.pythonhosted.org/packages/0b/55/a1962188abf0e62d84d55892bb044347e434711763b9a1d4ad867a70c1be/ast_serialize-0.11.2-cp315-abi3.abi3t-macosx_10_12_x86_64.whl", hash = "sha256:ab924ba260efd7509492f272d4e236d24564033f20c005d7c63a107c6a76fc85", size = 1235457, upload-time = "2026-09-13T18:47:54.554Z" },
    { url = "https://files.pythonhosted.org/packages/2a/ad/439c2959150718446af76fbe2f4000f35eba9869ef8564f3d9a3d0b1c370/ast_serialize-0.11.2-cp315-abi3.abi3t-macosx_11_0_arm64.whl", hash = "sha256:a586be418eb70a9f1396cea29ddac8f4b9bf277fb73ea2340db31e218bc00f32", size = 1215705, upload-time = "2026-09-13T18:47:56.178Z" },
    { url = "https://files.pythonhosted.org/packages/6d/d8/2c6542fc3e7c56a0a25d8d12d034d5a2d2e1900e292567b1c1dca8e83124/ast_serialize-0.11.2-cp315-abi3.abi3t-manylinux_2_17_aarch64.manylinux2014_aarch64.whl", hash = "sha256:8532f20916fa3189d4d785ef2a62d93c4d651ec9c5bffda66d2fc36898351f34", size = 1282530, upload-time = "2026-09-13T18:47:57.619Z" },
    { url = "https://files.pythonhosted.org/packages/fa/ad/6f6755cd0842db46c3b10b1e4735f14aad78d71dea4753eb46933101711b/ast_serialize-0.11.2-cp315-abi3.abi3t-manylinux_2_17_armv7l.manylinux2014_armv7l.whl", hash = "sha256:ee732ae167e686d1d3c00f98d7d82b23138304694f0441b14d7ddf9c0f8a921c", size = 1287792, upload-time = "2026-09-13T18:47:59.227Z" },
    { url = "https://files.pythonhosted.org/packages/03/40/5da672f5dd23fb7dc0c884c97711e56a3540f2fe3c4355a81f8beb385911/ast_serialize-0.11.2-cp315-abi3.abi3t-manylinux_2_17_ppc64le.manylinux2014_ppc64le.whl", hash = "sha256:75a1c7f46b9c19fc0ae01ca6fd076301628faa2ed7a8edbd55c6353c483946a3", size = 1557971, upload-time = "2026-09-13T18:48:00.96Z" },
    { url = "https://files.pythonhosted.org/packages/df/c7/2bb25684f697801eb72866fdb94ed5edbff3867ce878b0e542a4a5b9dab9/ast_serialize-0.11.2-cp315-abi3.abi3t-manylinux_2_17_s390x.manylinux2014_s390x.whl", hash = "sha256:2fdf31a0bb85ea2575cc91669f005e6647d2efed491231c4dc1497bc9a5b3aa6", size = 1303230, upload-time = "2026-09-13T18:48:02.337Z" },
    { url = "https://files.pythonhosted.org/packages/d8/85/754681846f26e0ff1da729b1ffe3171e93c22f0aa6ec3cea5b14e3703846/ast_serialize-0.11.2-cp315-abi3.abi3t-manylinux_2_17_x86_64.manylinux2014_x86_64.whl", hash = "sha256:3b78e6fdef3b06c86ed263e1962fee5a7b9d2d158e738b212d13b2c605ee12f5", size = 1302271, upload-time = "2026-09-13T18:48:03.915Z" },
    { url = "https://files.pythonhosted.org/packages/fb/dc/f5521d8cb44b69095c3982ae3658a12c403e0efa19e51aeb9c8a79dff60c/ast_serialize-0.11.2-cp315-abi3.abi3t-manylinux_2_31_riscv64.whl", hash = "sha256:8d62a47714c8bc432b9fabcc29989c815c5da17327d35151f2fd0d85c2a7a5ff", size = 1309529, upload-time = "2026-09-13T18:48:05.562Z" },
    { url = "https://files.pythonhosted.org/packages/73/0d/649182c7fd7c4f782279bed514de2dd67e48a5afecb605a098d64fdc01fd/ast_serialize-0.11.2-cp315-abi3.abi3t-manylinux_2_5_i686.manylinux1_i686.whl", hash = "sha256:8a5ffa70e76191dcf240d3c43e20c93b3bfd26f54d89148c762d57837f5bcd2c", size = 1356869, upload-time = "2026-09-13T18:48:07.534Z" },
    { url = "https://files.pythonhosted.org/packages/bf/cc/aff4d84c16afa742d13a75384127c7d24594dc8c304f0558a15924fd51af/ast_serialize-0.11.2-cp315-abi3.abi3t-musllinux_1_2_aarch64.whl", hash = "sha256:bfbe47a3a7c368f28836e78b2440a3643ac0ec4c67d9fe53588e1448f0a3d35d", size = 1460006, upload-time = "2026-09-13T18:48:09.162Z" },
    { url = "https://files.pythonhosted.org/packages/94/a7/891cbec2e5e0d7159196159d3ff0646622f3120ff4576c839ac2dd56c719/ast_serialize-0.11.2-cp315-abi3.abi3t-musllinux_1_2_armv7l.whl", hash = "sha256:7f1823275b246f9c7d373be6879e4eec09686948895d4ad083f4b27fd7e4da70", size = 1562935, upload-time = "2026-09-13T18:48:10.978Z" },
    { url = "https://files.pythonhosted.org/packages/45/c4/2c8c4498340ea9aff87a9fd408309aa25d56dd51d7bbddfdb46a3c31424a/ast_serialize-0.11.2-cp315-abi3.abi3t-musllinux_1_2_i686.whl", hash = "sha256:57c0f5cb0021a5beb1e5e4d6e840ae2f23a28909703ef4d256a144cc1ad3d437", size = 1557109, upload-time = "2026-09-13T18:48:12.616Z" },
    { url = "https://files.pythonhosted.org/packages/0d/8b/c5d4e5226fa18885fe17f949aee3ab1aeb8389c384d946ec1b7c9489cc94/ast_serialize-0.11.2-cp315-abi3.abi3t-musllinux_1_2_ppc64le.whl", hash = "sha256:cd320a5c4f1f2742af97eea22954f776379175c5ef2504801e9a155f2ff9a4d7", size = 1691603, upload-time = "2026-09-13T18:48:14.293Z" },
    { url = "https://files.pythonhosted.org/packages/73/d6/1d2ca472586f9e3416a289a22f36eeb6dd6f47d77b1a4aba358405babbc7/ast_serialize-0.11.2-cp315-abi3.abi3t-musllinux_1_2_riscv64.whl", hash = "sha256:13b13afe32e845c86a573497729e1b7ddeb26c572c78bf50ece51da23b8fad5e", size = 1483053, upload-time = "2026-09-13T18:48:15.789Z" },
    { url = "https://files.pythonhosted.org/packages/0e/16/d3703a7c1e3c76b144ac9349a54d3926d0749918a8dc13a66cede208b8ec/ast_serialize-0.11.2-cp315-abi3.abi3t-musllinux_1_2_x86_64.whl", hash = "sha256:9d80a81ec84660422579bdb8e789f656a794b48c7a1ae1261f6bd8bc1897d17d", size = 1502499, upload-time = "2026-09-13T18:48:17.405Z" },
    { url = "https://files.pythonhosted.org/packages/2b/e4/d974e55c2e247ef26ed1df01c74940583db9a5b3a8bcaad5732c6e2047fb/ast_serialize-0.11.2-cp315-abi3.abi3t-win32.whl", hash = "sha256:af8c003ce721b0099dd55cef4ba733500fc3054ea0cc8565d8957aaf7cccdeb4", size = 1119739, upload-time = "2026-09-13T18:48:19.005Z" },
    { url = "https://files.pythonhosted.org/packages/0d/00/d229443488e095054d5e0c0cc20689a2633b899d735849ff1b2c8e4f0cbf/ast_serialize-0.11.2-cp315-abi3.abi3t-win_amd64.whl", hash = "sha256:554d117cb916d8032d85007c654d179efbbfd446174c048062778136a922944f", size = 1158602, upload-time = "2026-09-13T18:48:20.524Z" },
    { url = "https://files.pythonhosted.org/packages/11/75/389fc1a6cfa0c4b2ce522f47d8401329d8bb11732e516d46465960fef1d9/ast_serialize-0.11.2-cp315-abi3.abi3t-win_arm64.whl", hash = "sha256:d60515335750d431e462af6e722bb55720a5e7827192777bddfd9c4376065a4d", size = 1128842, upload-time = "2026-09-13T18:48:22.052Z" },
    { url = "https://files.pythonhosted.org/packages/b1/54/f67120006fc73a55b6d057d4662d061fbb4eceafce3047c76ca8b382eb11/ast_serialize-0.11.2-cp39-abi3-macosx_10_12_x86_64.whl", hash = "sha256:daadf1c3e0224621607ffe16f1379e4bd372271ed2e1db8a67878f0bab3ef7e4", size = 1240734, upload-time = "2026-09-13T18:48:25.287Z" },
    { url = "https://files.pythonhosted.org/packages/9a/7e/8f2ab68bddbe58a66fbbaad87beeae3e7d7edddb17263d1fc423936cf34d/ast_serialize-0.11.2-cp39-abi3-macosx_11_0_arm64.whl", hash = "sha256:1844ed9a487fb3de7325c52ddb33f2918b66b65cd54d3f8d83d23785ffe99fa4", size = 1228053, upload-time = "2026-09-13T18:48:26.788Z" },
    { url = "https://files.pythonhosted.org/packages/d2/1b/8a69ab68f4c1603819f0481d756abdd8caf27cec7f1d77caa71007ebe997/ast_serialize-0.11.2-cp39-abi3-manylinux_2_17_aarch64.manylinux2014_aarch64.whl", hash = "sha256:b17869f4ba261a5fa468a753328a548f4dbaf74b4eadae9e28aff66df7f1425b", size = 1292542, upload-time = "2026-09-13T18:48:28.295Z" },
    { url = "https://files.pythonhosted.org/packages/d1/ce/872f2e00f0467c289e483f0a34543463347243a2d0632748d89fcee5e0dc/ast_serialize-0.11.2-cp39-abi3-manylinux_2_17_armv7l.manylinux2014_armv7l.whl", hash = "sha256:feb16d9c2a720e0120c58dd5d6e7b3c7c86b43249b60a3bc212bcb8fa031e2dd", size = 1294791, upload-time = "2026-09-13T18:48:29.969Z" },
    { url = "https://files.pythonhosted.org/packages/3a/82/36277c12af861c64b375c316135d8feffe3f400568463a8d2b2de4c2c4fb/ast_serialize-0.11.2-cp39-abi3-manylinux_2_17_ppc64le.manylinux2014_ppc64le.whl", hash = "sha256:f3109fe4805384effc8d0f8e41fbf875aa8f389af91b4348c1cfb60ea6e4cb82", size = 1567583, upload-time = "2026-09-13T18:48:31.85Z" },
    { url = "https://files.pythonhosted.org/packages/b0/d7/ec643df91cea8bcbcb4e8011d6a8b08e5119b84f9554879f3e3c786d29d1/ast_serialize-0.11.2-cp39-abi3-manylinux_2_17_s390x.manylinux2014_s390x.whl", hash = "sha256:abdb3e49ba053c3486ac1263bee9f16cc9a4a8abd9f8c90bfc21e3669f3ad9d1", size = 1312878, upload-time = "2026-09-13T18:48:33.495Z" },
    { url = "https://files.pythonhosted.org/packages/04/6f/4c992cd7841ba589fefb14ddc9aff2f6db7f2a615d4074f9ad04115b5ce0/ast_serialize-0.11.2-cp39-abi3-manylinux_2_17_x86_64.manylinux2014_x86_64.whl", hash = "sha256:a7004ba572f09be34342ccb98dcd4bad5707d3d81adc8cb4c3f685d2a2c51bbc", size = 1312642, upload-time = "2026-09-13T18:48:35.294Z" },
    { url = "https://files.pythonhosted.org/packages/d5/e3/22aaa209c231a83cfea004fd67dee7a7a54da3f169c6c460b14b96887385/ast_serialize-0.11.2-cp39-abi3-manylinux_2_31_riscv64.whl", hash = "sha256:59c25f47524efa052971b860e128b1add0c94ede7dd16b2962952c85c3582365", size = 1319776, upload-time = "2026-09-13T18:48:36.866Z" },
    { url = "https://files.pythonhosted.org/packages/c1/f7/d4685fb54d10108ce44d3bc893ef670854d61645d47ed96d73524db90c23/ast_serialize-0.11.2-cp39-abi3-manylinux_2_5_i686.manylinux1_i686.whl", hash = "sha256:f3a367e0e05ed2d1b747ceb07aa728a8c204cc008b589127e9bd4f40053d7575", size = 1365324, upload-time = "2026-09-13T18:48:38.412Z" },
    { url = "https://files.pythonhosted.org/packages/42/3a/250643ffad02bda520c50a9a5f02a5d43259a06f34ce393c91761d134d7e/ast_serialize-0.11.2-cp39-abi3-musllinux_1_2_aarch64.whl", hash = "sha256:00bbf1f6669f813b48925b759f7ae4591067d456d443924055cab386e7e0a719", size = 1467653, upload-time = "2026-09-13T18:48:40.348Z" },
    { url = "https://files.pythonhosted.org/packages/c7/da/af66a646b9b7f8fdec95ce83fc7b1fe538b06864bc79bd554ac4fae2e6ea/ast_serialize-0.11.2-cp39-abi3-musllinux_1_2_armv7l.whl", hash = "sha256:ec1c20f89c3e0d83576e3c06f79375ce936266591fe0d5fd969914af3185cbaa", size = 1571914, upload-time = "2026-09-13T18:48:41.968Z" },
    { url = "https://files.pythonhosted.org/packages/34/82/77a9714564b9e8800087a8afec41527c65c39e49282baae2ac847b9c1c6a/ast_serialize-0.11.2-cp39-abi3-musllinux_1_2_i686.whl", hash = "sha256:c58bb119b73657fdc5569692f316e1e25ca114bd62f7782eb527c6be438ba3a9", size = 1569862, upload-time = "2026-09-13T18:48:43.701Z" },
    { url = "https://files.pythonhosted.org/packages/65/06/fa77b52f46b9bd6dcd8ff2b880e3781f8c1a316bb1342bc3de92907c6f96/ast_serialize-0.11.2-cp39-abi3-musllinux_1_2_ppc64le.whl", hash = "sha256:f739e0b601be7300c5697a2573d9200bd1db74b34ab111ef9537b9d5dcd7f106", size = 1699020, upload-time = "2026-09-13T18:48:45.261Z" },
    { url = "https://files.pythonhosted.org/packages/e1/09/239c83153c7e0798e5867d6909cb06f53dccfef02f6999c8e2e21ecb98c3/ast_serialize-0.11.2-cp39-abi3-musllinux_1_2_riscv64.whl", hash = "sha256:cae5addfbb54cc1d47fe947ef9138e9d83849ed1cbc72b819cf36d96a2315b07", size = 1492869, upload-time = "2026-09-13T18:48:46.922Z" },
    { url = "https://files.pythonhosted.org/packages/2f/eb/6108fb9a43fc7ab5529856e38e33c6e3e064fbfe375fdcbb208c7cd5438d/ast_serialize-0.11.2-cp39-abi3-musllinux_1_2_x86_64.whl", hash = "sha256:2fa3be25f7f5351b1b39c9f8a52779b2dbf21199efbae564b4746422e8edca4e", size = 1511621, upload-time = "2026-09-13T18:48:48.667Z" },
    { url = "https://files.pythonhosted.org/packages/8a/82/60367e58ef346a41ebc90d3f28593c1b8f5c2cb5314c7b2bbd98910ee131/ast_serialize-0.11.2-cp39-abi3-win32.whl", hash = "sha256:d70556a2f9230a44c99a655774cde823f056efc34466eabfb4085f0cb1ea9f99", size = 1125873, upload-time = "2026-09-13T18:48:50.661Z" },
    { url = "https://files.pythonhosted.org/packages/23/bf/b419c3205ce1143ba7c69baef4f0ba43c14d8712113bf34f9e0d27d609be/ast_serialize-0.11.2-cp39-abi3-win_amd64.whl", hash = "sha256:b9065dd23131a23b41f5bab3bf4e9b3c350a3fe8e36e8200eded9b729fcea484", size = 1165434, upload-time = "2026-09-13T18:48:52.169Z" },
    { url = "https://files.pythonhosted.org/packages/91/a7/c8bbb2173f7a7131b3b2412035b2d814ab5ef2ce9799bd06f07c451640e4/ast_serialize-0.11.2-cp39-abi3-win_arm64.whl", hash = "sha256:dab599cbdcb7b45b18c41fad746645580b3a24357082b7f0e8921cd373804f27", size = 1136031, upload-time = "2026-09-13T18:48:54.04Z" },
]

[[package]]
name = "click"
version = "8.5.0"
source = { registry = "https://pypi.org/simple" }
sdist = { url = "https://files.pythonhosted.org/packages/c7/0e/7fa0ef50764b67090eca4114772a2abf8b6148198475e54c660b97caeee6/click-8.5.0.tar.gz", hash = "sha256:ba0d2089de75ea0310e2dde03160e6ca10009947fb95a182f9b54021bb272e34", size = 382235, upload-time = "2026-08-26T13:33:14.56Z" }
wheels = [
    { url = "https://files.pythonhosted.org/packages/58/50/6c0d534c5f134586a8e1ba4e330569e32f057e33372ae556463212fb4cd3/click-8.5.0-py3-none-any.whl", hash = "sha256:255bc9599cf7748b4b1a446ccc735421bd08a2ae529a8b88597d3de5664ee360", size = 125251, upload-time = "2026-08-26T13:33:12.928Z" },
]

[[package]]
name = "gitdb"
version = "4.0.12"
source = { registry = "https://pypi.org/simple" }
dependencies = [
    { name = "smmap" },
]
sdist = { url = "https://files.pythonhosted.org/packages/72/94/63b0fc47eb32792c7ba1fe1b694daec9a63620db1e313033d18140c2320a/gitdb-4.0.12.tar.gz", hash = "sha256:5ef71f855d191a3326fcfbc0d5da835f26b13fbcba60c32c21091c349ffdb571", size = 394684, upload-time = "2025-01-02T07:20:46.413Z" }
wheels = [
    { url = "https://files.pythonhosted.org/packages/a0/61/5c78b91c3143ed5c14207f463aecfc8f9dbb5092fb2869baf37c273b2705/gitdb-4.0.12-py3-none-any.whl", hash = "sha256:67073e15955400952c6565cc3e707c554a4eea2e428946f7a4c162fab9bd9bcf", size = 62794, upload-time = "2025-01-02T07:20:43.624Z" },
]

[[package]]
name = "gitpython"
version = "3.1.62"
source = { registry = "https://pypi.org/simple" }
dependencies = [
    { name = "gitdb" },
]
sdist = { url = "https://files.pythonhosted.org/packages/e0/db/3ca813cbacb23ab6fe46ff38a9b5ef8e73e970c8051f2ce903aacafe0446/gitpython-3.1.62.tar.gz", hash = "sha256:1791de66309bc0c7cfca40bf8d2e3de7ca091cbf94e6051be1ad0722c61062af", size = 231728, upload-time = "2026-09-07T02:57:21.155Z" }
wheels = [
    { url = "https://files.pythonhosted.org/packages/d6/0b/29d7965215f8ef830a7ca1f42997fe13e5693d85e9edb18f938d063ef5f2/gitpython-3.1.62-py3-none-any.whl", hash = "sha256:7002251225e10e29d2e1f49e6532613fe5d5d9f0b6f1f02997a52b38fe56899e", size = 222753, upload-time = "2026-09-07T02:57:19.762Z" },
]

[[package]]
name = "librt"
version = "0.15.0"
source = { registry = "https://pypi.org/simple" }
sdist = { url = "https://files.pythonhosted.org/packages/36/9b/356320fbae2ac8467e21c5e73e1389c80468e4998c62cc7d3536cc51b614/librt-0.15.0.tar.gz", hash = "sha256:4e66cbe84437497d951b799d3e1551291b6fb3d643820a7014b3655d57a59162", size = 214338, upload-time = "2026-08-07T10:49:42.663Z" }
wheels = [
    { url = "https://files.pythonhosted.org/packages/ba/39/99c25030e782bdfb7a21be8c05254806a2e4bbb05c8d50c2a2130acbfa05/librt-0.15.0-cp312-cp312-macosx_10_13_x86_64.whl", hash = "sha256:e87bc679f86a99aa3b26e3c78eeb821a247c9a28eae48eaafcc32c3bf4c3bb9e", size = 151021, upload-time = "2026-08-07T10:47:00.057Z" },
    { url = "https://files.pythonhosted.org/packages/14/43/f4b1bd1b2888798a1409808889a25ea1ba49eaabce7d681ed27734c2df9d/librt-0.15.0-cp312-cp312-macosx_11_0_arm64.whl", hash = "sha256:71599e011ac880e8e45d46047d714871894c7d4ab6f25626f8d4f89da21f368d", size = 155267, upload-time = "2026-08-07T10:47:01.311Z" },
    { url = "https://files.pythonhosted.org/packages/0c/db/3ad9c965c72f1e1d6beeec44ec10a54e17be8ae042fbb4baade16cbadced/librt-0.15.0-cp312-cp312-manylinux2014_aarch64.manylinux_2_17_aarch64.manylinux_2_28_aarch64.whl", hash = "sha256:c802434092b769b1d613ed2e13fac15fbfce1934a74bd10283b03c0fae231cd1", size = 503136, upload-time = "2026-08-07T10:47:02.45Z" },
    { url = "https://files.pythonhosted.org/packages/4b/07/5888a6d76acd62ebce66c61b74d94e9370b9c32929f111e487bb6546f8ed/librt-0.15.0-cp312-cp312-manylinux2014_i686.manylinux_2_17_i686.manylinux_2_28_i686.whl", hash = "sha256:5500eeae393a184d14e1f35645962c27129d20c81afa4069e6ef826ebc2b3aaa", size = 496670, upload-time = "2026-08-07T10:47:03.675Z" },
    { url = "https://files.pythonhosted.org/packages/29/39/ab57cc2f5b276156da02bb7f5a8921bada1cb1993ffec99acf811c602c23/librt-0.15.0-cp312-cp312-manylinux2014_ppc64le.manylinux_2_17_ppc64le.manylinux_2_28_ppc64le.whl", hash = "sha256:6ecfc32dfb46fb7b565bcd6abf9412acf978775a998273d22888a6d7953730dd", size = 513688, upload-time = "2026-08-07T10:47:04.981Z" },
    { url = "https://files.pythonhosted.org/packages/a7/b9/bdbb0b648b5c2befb031f4c6f3b1dd857415e8fb492a25a3c764a6681e6c/librt-0.15.0-cp312-cp312-manylinux2014_x86_64.manylinux_2_17_x86_64.manylinux_2_28_x86_64.whl", hash = "sha256:89cc46cfd15022e35084355478c9ac809d90b1152222706ac9a7655ec21df6fa", size = 531904, upload-time = "2026-08-07T10:47:06.211Z" },
    { url = "https://files.pythonhosted.org/packages/93/26/473c2e4b6c104e9e58e27ce95fc8005c8bd4fc36cae4f254371125a92db8/librt-0.15.0-cp312-cp312-manylinux_2_34_riscv64.manylinux_2_39_riscv64.whl", hash = "sha256:d5f51401d102c885b9ca509e62c79b1dbff286e1b9b047fde6f763780789356d", size = 524427, upload-time = "2026-08-07T10:47:07.592Z" },
    { url = "https://files.pythonhosted.org/packages/26/60/03b3abb82b41714671b907bf6989b228e31e6a8af52dec82b5b0728dc250/librt-0.15.0-cp312-cp312-musllinux_1_2_aarch64.whl", hash = "sha256:cc30523e3f1a23fb7511cc659834a0d01a1042bb9de359bc1c131cc4ec6c9656", size = 543155, upload-time = "2026-08-07T10:47:08.866Z" },
    { url = "https://files.pythonhosted.org/packages/f2/0e/9bb1f0a4affbd0a1888f4f79dc03ed2a299d9a2c26c59ab2a97dcbf11903/librt-0.15.0-cp312-cp312-musllinux_1_2_i686.whl", hash = "sha256:59fe030d8ae4a57e3fb7756bf35a858de74e04066fc8555c53d0af979132af81", size = 546890, upload-time = "2026-08-07T10:47:10.327Z" },
    { url = "https://files.pythonhosted.org/packages/dc/84/6937a280d461f7de6e031ffb02edc2b7c3c90d49d630565ce8ff27cbc5f2/librt-0.15.0-cp312-cp312-musllinux_1_2_ppc64le.whl", hash = "sha256:5a6526a2a956bbb1e4ae3568c82e650fc99119c66bb011ea60715744955a2b4d", size = 555163, upload-time = "2026-08-07T10:47:11.798Z" },
    { url = "https://files.pythonhosted.org/packages/bc/95/2a2853c1ee014bf102116e7f897a04beeaeb2461b45b79af98bdfb95f1ef/librt-0.15.0-cp312-cp312-musllinux_1_2_riscv64.whl", hash = "sha256:85ea21ec6730194d67156b0e0b5430ccb1d61f8b8b907e39b37f9812b74a13f0", size = 535812, upload-time = "2026-08-07T10:47:13.279Z" },
    { url = "https://files.pythonhosted.org/packages/c9/4c/cf9601c1b4c5f09280acd5d83abdb2e68527a2be8257136eb42304218622/librt-0.15.0-cp312-cp312-musllinux_1_2_x86_64.whl", hash = "sha256:1e47b8ba865d7ede071a91a7163073bbaeb72541f1ef8a07d512c45c7b5007f2", size = 573688, upload-time = "2026-08-07T10:47:14.727Z" },
    { url = "https://files.pythonhosted.org/packages/47/6d/9ac7cbec46189a7625af4b5acbd25f10d827f4141b2002181848c8418923/librt-0.15.0-cp312-cp312-win32.whl", hash = "sha256:a5207ec414d1c4a2a7231b2086970dc036f94293cdf338190984958a013a42f1", size = 106138, upload-time = "2026-08-07T10:47:15.973Z" },
    { url = "https://files.pythonhosted.org/packages/38/d0/2ae99c83be86ce23f925ac1aeeedc777e97f427c4a8d190c70d0a16e9a87/librt-0.15.0-cp312-cp312-win_amd64.whl", hash = "sha256:73b30cfa976659b3917c8f6153bdb0591c6a9ec6583599fd24a689b690622022", size = 126974, upload-time = "2026-08-07T10:47:17.049Z" },
    { url = "https://files.pythonhosted.org/packages/5d/ef/dd24f9635c730b86b87587967dda7516b1845e8b17684603d31607fed598/librt-0.15.0-cp312-cp312-win_arm64.whl", hash = "sha256:a54cf9e0ef47b96af580849db5471142200568ce1e02cbf416addab551369570", size = 112292, upload-time = "2026-08-07T10:47:18.222Z" },
]

[[package]]
name = "mypy"
version = "2.0.0"
source = { registry = "https://pypi.org/simple" }
dependencies = [
    { name = "ast-serialize" },
    { name = "librt", marker = "platform_python_implementation != 'PyPy'" },
    { name = "mypy-extensions" },
    { name = "pathspec" },
    { name = "typing-extensions" },
]
sdist = { url = "https://files.pythonhosted.org/packages/cf/dc/7e6d49f04fca40b9dd5c752a51a432ffe67fb45200702bc9eee0cb4bbb26/mypy-2.0.0.tar.gz", hash = "sha256:1a9e3900ac5c40f1fe813506c7739da6e6f0eab2729067ebd94bfb0bbba53532", size = 3869036, upload-time = "2026-05-06T19:26:43.22Z" }
wheels = [
    { url = "https://files.pythonhosted.org/packages/f6/4b/f6cd12ef1eb63be1c342da3e8ca811d2280276177f6de4ef20cb2366d79b/mypy-2.0.0-cp312-cp312-macosx_10_13_x86_64.whl", hash = "sha256:660790551c988e69d8bf7a35c8b4149edeb22f4a339165702be843532e9dcdb5", size = 14756610, upload-time = "2026-05-06T19:26:19.221Z" },
    { url = "https://files.pythonhosted.org/packages/32/73/67d09ca28bee21feaca264b2a680cf2d300bcc2071136ad064928324c843/mypy-2.0.0-cp312-cp312-macosx_11_0_arm64.whl", hash = "sha256:7a15bf92cd8781f8e72f69ffa7e30d1f434402d065ee1ecd5223ef2ef100f914", size = 13554270, upload-time = "2026-05-06T19:26:08.977Z" },
    { url = "https://files.pythonhosted.org/packages/61/b3/44718b5c6b1b5a27440ff2effe6a1be0fa2a190c0f4e2e21a83728416f95/mypy-2.0.0-cp312-cp312-manylinux2014_aarch64.manylinux_2_17_aarch64.manylinux_2_28_aarch64.whl", hash = "sha256:4ff370b43d7def05bbcd2f5267f0bcda72dd6a552ef2ea9375b02d6fe06da270", size = 13924663, upload-time = "2026-05-06T19:21:24.932Z" },
    { url = "https://files.pythonhosted.org/packages/6a/2b/bbb9cc5773f946846a7c340097e59bcf84095437dda0d56bb4f6cf1f6541/mypy-2.0.0-cp312-cp312-manylinux2014_x86_64.manylinux_2_17_x86_64.manylinux_2_28_x86_64.whl", hash = "sha256:37bd246590a018e5a11703b7b09c39d47ede3df5ba3fa863c5b8590b465beb01", size = 14946862, upload-time = "2026-05-06T19:24:23.023Z" },
    { url = "https://files.pythonhosted.org/packages/43/25/e9318566f443a5130b4ff0ad3367ee6c4c4c49ff083fe5214a7318c18282/mypy-2.0.0-cp312-cp312-musllinux_1_2_x86_64.whl", hash = "sha256:cce87e92214fac8bf8feb8a680d0c1b6fb748d50e9b57fbb13e4b1d83a3ed19b", size = 15175090, upload-time = "2026-05-06T19:26:28.794Z" },
    { url = "https://files.pythonhosted.org/packages/67/65/2ec28c834f21e164c33bc296a7db538ad50c74f83e517c7a0be95ff6de86/mypy-2.0.0-cp312-cp312-win_amd64.whl", hash = "sha256:e19e9cb69b66a4141009d24898259914fa2b71d026de0b46edf9fafdbf4fd46e", size = 11052899, upload-time = "2026-05-06T19:25:39.084Z" },
    { url = "https://files.pythonhosted.org/packages/9e/72/d1ec625cfc9bd101c07a6834ef1f94e820296f8fdbad2eb03f50e0983f8c/mypy-2.0.0-cp312-cp312-win_arm64.whl", hash = "sha256:b021614cb08d44785b025982163ec3c39c94bff766ead071fa9e82b4ef6f62cd", size = 9972935, upload-time = "2026-05-06T19:23:24.204Z" },
    { url = "https://files.pythonhosted.org/packages/5c/14/fd0694aa594d6e9f9fd16ce821be2eff295197a273262ef56ddcc1388d68/mypy-2.0.0-py3-none-any.whl", hash = "sha256:8a92b2be3146b4fa1f062af7eb05574cbf3e6eb8e1f14704af1075423144e4e5", size = 2673434, upload-time = "2026-05-06T19:26:32.856Z" },
]

[[package]]
name = "mypy-extensions"
version = "1.1.0"
source = { registry = "https://pypi.org/simple" }
sdist = { url = "https://files.pythonhosted.org/packages/a2/6e/371856a3fb9d31ca8dac321cda606860fa4548858c0cc45d9d1d4ca2628b/mypy_extensions-1.1.0.tar.gz", hash = "sha256:52e68efc3284861e772bbcd66823fde5ae21fd2fdb51c62a211403730b916558", size = 6343, upload-time = "2025-04-22T14:54:24.164Z" }
wheels = [
    { url = "https://files.pythonhosted.org/packages/79/7b/2c79738432f5c924bef5071f933bcc9efd0473bac3b4aa584a6f7c1c8df8/mypy_extensions-1.1.0-py3-none-any.whl", hash = "sha256:1be4cccdb0f2482337c4743e60421de3a356cd97508abadd57d47403e94f5505", size = 4963, upload-time = "2025-04-22T14:54:22.983Z" },
]

[[package]]
name = "pathspec"
version = "1.1.1"
source = { registry = "https://pypi.org/simple" }
sdist = { url = "https://files.pythonhosted.org/packages/5a/82/42f767fc1c1143d6fd36efb827202a2d997a375e160a71eb2888a925aac1/pathspec-1.1.1.tar.gz", hash = "sha256:17db5ecd524104a120e173814c90367a96a98d07c45b2e10c2f3919fff91bf5a", size = 135180, upload-time = "2026-04-27T01:46:08.907Z" }
wheels = [
    { url = "https://files.pythonhosted.org/packages/f1/d9/7fb5aa316bc299258e68c73ba3bddbc499654a07f151cba08f6153988714/pathspec-1.1.1-py3-none-any.whl", hash = "sha256:a00ce642f577bf7f473932318056212bc4f8bfdf53128c78bbd5af0b9b20b189", size = 57328, upload-time = "2026-04-27T01:46:07.06Z" },
]

[[package]]
name = "ruff"
version = "0.15.12"
source = { registry = "https://pypi.org/simple" }
sdist = { url = "https://files.pythonhosted.org/packages/99/43/3291f1cc9106f4c63bdce7a8d0df5047fe8422a75b091c16b5e9355e0b11/ruff-0.15.12.tar.gz", hash = "sha256:ecea26adb26b4232c0c2ca19ccbc0083a68344180bba2a600605538ce51a40a6", size = 4643852, upload-time = "2026-04-24T18:17:14.305Z" }
wheels = [
    { url = "https://files.pythonhosted.org/packages/c3/6e/e78ffb61d4686f3d96ba3df2c801161843746dcbcbb17a1e927d4829312b/ruff-0.15.12-py3-none-linux_armv6l.whl", hash = "sha256:f86f176e188e94d6bdbc09f09bfd9dc729059ad93d0e7390b5a73efe19f8861c", size = 10640713, upload-time = "2026-04-24T18:17:22.841Z" },
    { url = "https://files.pythonhosted.org/packages/ae/08/a317bc231fb9e7b93e4ef3089501e51922ff88d6936ce5cf870c4fe55419/ruff-0.15.12-py3-none-macosx_10_12_x86_64.whl", hash = "sha256:e3bcd123364c3770b8e1b7baaf343cc99a35f197c5c6e8af79015c666c423a6c", size = 11069267, upload-time = "2026-04-24T18:17:30.105Z" },
    { url = "https://files.pythonhosted.org/packages/aa/a4/f828e9718d3dce1f5f11c39c4f65afd32783c8b2aebb2e3d259e492c47bd/ruff-0.15.12-py3-none-macosx_11_0_arm64.whl", hash = "sha256:fe87510d000220aa1ed530d4448a7c696a0cae1213e5ec30e5874287b66557b5", size = 10397182, upload-time = "2026-04-24T18:17:07.177Z" },
    { url = "https://files.pythonhosted.org/packages/71/e0/3310fc6d1b5e1fdea22bf3b1b807c7e187b581021b0d7d4514cccdb5fb71/ruff-0.15.12-py3-none-manylinux_2_17_aarch64.manylinux2014_aarch64.whl", hash = "sha256:84a1630093121375a3e2a95b4a6dc7b59e2b4ee76216e32d81aae550a832d002", size = 10758012, upload-time = "2026-04-24T18:16:55.759Z" },
    { url = "https://files.pythonhosted.org/packages/11/c1/a606911aee04c324ddaa883ae418f3569792fd3c4a10c50e0dd0a2311e1e/ruff-0.15.12-py3-none-manylinux_2_17_armv7l.manylinux2014_armv7l.whl", hash = "sha256:fb129f40f114f089ebe0ca56c0d251cf2061b17651d464bb6478dc01e69f11f5", size = 10447479, upload-time = "2026-04-24T18:16:51.677Z" },
    { url = "https://files.pythonhosted.org/packages/9d/68/4201e8444f0894f21ab4aeeaee68aa4f10b51613514a20d80bd628d57e88/ruff-0.15.12-py3-none-manylinux_2_17_i686.manylinux2014_i686.whl", hash = "sha256:b0c862b172d695db7598426b8af465e7e9ac00a3ea2a3630ee67eb82e366aaa6", size = 11234040, upload-time = "2026-04-24T18:17:16.529Z" },
    { url = "https://files.pythonhosted.org/packages/34/ff/8a6d6cf4ccc23fd67060874e832c18919d1557a0611ebef03fdb01fff11e/ruff-0.15.12-py3-none-manylinux_2_17_ppc64le.manylinux2014_ppc64le.whl", hash = "sha256:2849ea9f3484c3aca43a82f484210370319e7170df4dfe4843395ddf6c57bc33", size = 12087377, upload-time = "2026-04-24T18:17:04.944Z" },
    { url = "https://files.pythonhosted.org/packages/85/f6/c669cf73f5152f623d34e69866a46d5e6185816b19fcd5b6dd8a2d299922/ruff-0.15.12-py3-none-manylinux_2_17_s390x.manylinux2014_s390x.whl", hash = "sha256:9e77c7e51c07fe396826d5969a5b846d9cd4c402535835fb6e21ce8b28fef847", size = 11367784, upload-time = "2026-04-24T18:17:25.409Z" },
    { url = "https://files.pythonhosted.org/packages/e8/39/c61d193b8a1daaa8977f7dea9e8d8ba866e02ea7b65d32f6861693aa4c12/ruff-0.15.12-py3-none-manylinux_2_17_x86_64.manylinux2014_x86_64.whl", hash = "sha256:83b2f4f2f3b1026b5fb449b467d9264bf22067b600f7b6f41fc5958909f449d0", size = 11344088, upload-time = "2026-04-24T18:17:12.258Z" },
    { url = "https://files.pythonhosted.org/packages/c2/8d/49afab3645e31e12c590acb6d3b5b69d7aab5b81926dbaf7461f9441f37a/ruff-0.15.12-py3-none-manylinux_2_31_riscv64.whl", hash = "sha256:9ba3b8f1afd7e2e43d8943e55f249e13f9682fde09711644a6e7290eb4f3e339", size = 11271770, upload-time = "2026-04-24T18:17:02.457Z" },
    { url = "https://files.pythonhosted.org/packages/46/06/33f41fe94403e2b755481cdfb9b7ef3e4e0ed031c4581124658d935d52b4/ruff-0.15.12-py3-none-musllinux_1_2_aarch64.whl", hash = "sha256:e852ba9fdc890655e1d78f2df1499efbe0e54126bd405362154a75e2bde159c5", size = 10719355, upload-time = "2026-04-24T18:17:27.648Z" },
    { url = "https://files.pythonhosted.org/packages/0d/59/18aa4e014debbf559670e4048e39260a85c7fcee84acfd761ac01e7b8d35/ruff-0.15.12-py3-none-musllinux_1_2_armv7l.whl", hash = "sha256:dd8aed930da53780d22fc70bdf84452c843cf64f8cb4eb38984319c24c5cd5fd", size = 10462758, upload-time = "2026-04-24T18:17:32.347Z" },
    { url = "https://files.pythonhosted.org/packages/25/e7/cc9f16fd0f3b5fddcbd7ec3d6ae30c8f3fde1047f32a4093a98d633c6570/ruff-0.15.12-py3-none-musllinux_1_2_i686.whl", hash = "sha256:01da3988d225628b709493d7dc67c3b9b12c0210016b08690ef9bd27970b262b", size = 10953498, upload-time = "2026-04-24T18:17:20.674Z" },
    { url = "https://files.pythonhosted.org/packages/72/7a/a9ba7f98c7a575978698f4230c5e8cc54bbc761af34f560818f933dafa0c/ruff-0.15.12-py3-none-musllinux_1_2_x86_64.whl", hash = "sha256:9cae0f92bd5700d1213188b31cd3bdd2b315361296d10b96b8e2337d3d11f53e", size = 11447765, upload-time = "2026-04-24T18:17:09.755Z" },
    { url = "https://files.pythonhosted.org/packages/ea/f9/0ae446942c846b8266059ad8a30702a35afae55f5cdc54c5adf8d7afdc27/ruff-0.15.12-py3-none-win32.whl", hash = "sha256:d0185894e038d7043ba8fd6aee7499ece6462dc0ea9f1e260c7451807c714c20", size = 10657277, upload-time = "2026-04-24T18:17:18.591Z" },
    { url = "https://files.pythonhosted.org/packages/33/f1/9614e03e1cdcbf9437570b5400ced8a720b5db22b28d8e0f1bda429f660d/ruff-0.15.12-py3-none-win_amd64.whl", hash = "sha256:c87a162d61ab3adca47c03f7f717c68672edec7d1b5499e652331780fe74950d", size = 11837758, upload-time = "2026-04-24T18:17:00.113Z" },
    { url = "https://files.pythonhosted.org/packages/c0/98/6beb4b351e472e5f4c4613f7c35a5290b8be2497e183825310c4c3a3984b/ruff-0.15.12-py3-none-win_arm64.whl", hash = "sha256:a538f7a82d061cee7be55542aca1d86d1393d55d81d4fcc314370f4340930d4f", size = 11120821, upload-time = "2026-04-24T18:16:57.979Z" },
]

[[package]]
name = "smmap"
version = "5.0.3"
source = { registry = "https://pypi.org/simple" }
sdist = { url = "https://files.pythonhosted.org/packages/1f/ea/49c993d6dfdd7338c9b1000a0f36817ed7ec84577ae2e52f890d1a4ff909/smmap-5.0.3.tar.gz", hash = "sha256:4d9debb8b99007ae47165abc08670bd74cb74b5227dda7f643eccc4e9eb5642c", size = 22506, upload-time = "2026-03-09T03:43:26.1Z" }
wheels = [
    { url = "https://files.pythonhosted.org/packages/c1/d4/59e74daffcb57a07668852eeeb6035af9f32cbfd7a1d2511f17d2fe6a738/smmap-5.0.3-py3-none-any.whl", hash = "sha256:c106e05d5a61449cf6ba9a1e650227ecfb141590d2a98412103ff35d89fc7b2f", size = 24390, upload-time = "2026-03-09T03:43:24.361Z" },
]

[[package]]
name = "typing-extensions"
version = "4.16.0"
source = { registry = "https://pypi.org/simple" }
sdist = { url = "https://files.pythonhosted.org/packages/f6/cc/6253133b5bb138fc3306cebfbda2c520f545d36b5be2c7255cc528bb45d6/typing_extensions-4.16.0.tar.gz", hash = "sha256:dc983d19a509c94dba722ee6abd33940f7c05a89e243c47e907eb4db6f1a43e5", size = 113555, upload-time = "2026-07-02T08:40:05.92Z" }
wheels = [
    { url = "https://files.pythonhosted.org/packages/49/d3/b8441a820a491ddfc024b0b0cf0393375b75ea13866d9c66727e54c2fc80/typing_extensions-4.16.0-py3-none-any.whl", hash = "sha256:481caa481374e813c1b176ada14e97f1f67a4539ce9cfeb3f350d78d6370c2e8", size = 45571, upload-time = "2026-07-02T08:40:04.659Z" },
]

[[package]]
name = "update-release-branch"
version = "0"
source = { virtual = "." }
dependencies = [
    { name = "click" },
    { name = "gitpython" },
]

[package.dev-dependencies]
dev = [
    { name = "mypy" },
    { name = "ruff" },
]

[package.metadata]
requires-dist = [
    { name = "click", specifier = ">=8.1.8" },
    { name = "gitpython", specifier = ">=3.1.44" },
]

[package.metadata.requires-dev]
dev = [
    { name = "mypy", specifier = "==2.0.0" },
    { name = "ruff", specifier = "==0.15.12" },
]
